{
  "name": "angularjs-aymrat",
  "version": "0.0.0",
  "lockfileVersion": 1,
  "requires": true,
  "dependencies": {
    "@uirouter/angularjs": {
      "version": "1.0.23",
      "resolved": "https://registry.npmjs.org/@uirouter/angularjs/-/angularjs-1.0.23.tgz",
      "integrity": "sha512-r4hLSw7R3mwXGC5Sq7yxNlBK1sSzQUm/1MzigwwYRHoMO5uKcBPUhxFYx5U7kufP2Xl1165KeZvRsLCh0/Z1ng==",
      "requires": {
        "@uirouter/core": "6.0.1"
      }
    },
    "@uirouter/core": {
      "version": "6.0.1",
      "resolved": "https://registry.npmjs.org/@uirouter/core/-/core-6.0.1.tgz",
      "integrity": "sha512-mHCutiHtDDRKYmrJ92XPKDoSb2bgqaDyUpHdF4hUE+riwgkCvGdBjL8u+VDTcV3slBAk6B0LBIOIajjWkkObbQ=="
    },
    "angular": {
      "version": "1.7.9",
      "resolved": "https://registry.npmjs.org/angular/-/angular-1.7.9.tgz",
      "integrity": "sha512-5se7ZpcOtu0MBFlzGv5dsM1quQDoDeUTwZrWjGtTNA7O88cD8TEk5IEKCTDa3uECV9XnvKREVUr7du1ACiWGFQ=="
    }
  }
}
